
Microsoft Visual Studio Solution File, Format Version 12.00
# Visual Studio Version 17
VisualStudioVersion = 17.10.34916.146
MinimumVisualStudioVersion = 10.0.40219.1
Project("{9A19103F-16F7-4668-BE54-9A1E7A4F7556}") = "College.WebApi", "Connecting database\College.WebApi.csproj", "{9536F4DF-7F97-4426-A11E-653909D5DF27}"
EndProject
Project("{9A19103F-16F7-4668-BE54-9A1E7A4F7556}") = "College.Service", "Collage.Service\College.Service.csproj", "{3AB3CA30-D07D-498C-880D-22DF2568EAA5}"
EndProject
Project("{9A19103F-16F7-4668-BE54-9A1E7A4F7556}") = "College.Repository", "Repository\College.Repository.csproj", "{EB348A03-2A23-4BEB-B0BA-26037D16F317}"
EndProject
Project("{9A19103F-16F7-4668-BE54-9A1E7A4F7556}") = "College.Repository.Common", "Collage.Repository.Common\College.Repository.Common.csproj", "{0A9DABE0-E126-493A-A4A2-4C48F8F651EB}"
EndProject
Project("{9A19103F-16F7-4668-BE54-9A1E7A4F7556}") = "College.Service.Common", "Colllage.Service.Common\College.Service.Common.csproj", "{F8AE1E2F-3ADD-4722-B75A-098DEE03CC7E}"
EndProject
Project("{9A19103F-16F7-4668-BE54-9A1E7A4F7556}") = "College.Common", "Collage.Common\College.Common.csproj", "{A1D32676-5817-426F-86C8-0D288DFD9686}"
EndProject
Project("{9A19103F-16F7-4668-BE54-9A1E7A4F7556}") = "College.Model", "Collage.Model\College.Model.csproj", "{7550FD11-D378-4AB6-87DB-9C741E7CE43E}"
EndProject
Global
	GlobalSection(SolutionConfigurationPlatforms) = preSolution
		Debug|Any CPU = Debug|Any CPU
		Release|Any CPU = Release|Any CPU
	EndGlobalSection
	GlobalSection(ProjectConfigurationPlatforms) = postSolution
		{9536F4DF-7F97-4426-A11E-653909D5DF27}.Debug|Any CPU.ActiveCfg = Debug|Any CPU
		{9536F4DF-7F97-4426-A11E-653909D5DF27}.Debug|Any CPU.Build.0 = Debug|Any CPU
		{9536F4DF-7F97-4426-A11E-653909D5DF27}.Release|Any CPU.ActiveCfg = Release|Any CPU
		{9536F4DF-7F97-4426-A11E-653909D5DF27}.Release|Any CPU.Build.0 = Release|Any CPU
		{3AB3CA30-D07D-498C-880D-22DF2568EAA5}.Debug|Any CPU.ActiveCfg = Debug|Any CPU
		{3AB3CA30-D07D-498C-880D-22DF2568EAA5}.Debug|Any CPU.Build.0 = Debug|Any CPU
		{3AB3CA30-D07D-498C-880D-22DF2568EAA5}.Release|Any CPU.ActiveCfg = Release|Any CPU
		{3AB3CA30-D07D-498C-880D-22DF2568EAA5}.Release|Any CPU.Build.0 = Release|Any CPU
		{EB348A03-2A23-4BEB-B0BA-26037D16F317}.Debug|Any CPU.ActiveCfg = Debug|Any CPU
		{EB348A03-2A23-4BEB-B0BA-26037D16F317}.Debug|Any CPU.Build.0 = Debug|Any CPU
		{EB348A03-2A23-4BEB-B0BA-26037D16F317}.Release|Any CPU.ActiveCfg = Release|Any CPU
		{EB348A03-2A23-4BEB-B0BA-26037D16F317}.Release|Any CPU.Build.0 = Release|Any CPU
		{0A9DABE0-E126-493A-A4A2-4C48F8F651EB}.Debug|Any CPU.ActiveCfg = Debug|Any CPU
		{0A9DABE0-E126-493A-A4A2-4C48F8F651EB}.Debug|Any CPU.Build.0 = Debug|Any CPU
		{0A9DABE0-E126-493A-A4A2-4C48F8F651EB}.Release|Any CPU.ActiveCfg = Release|Any CPU
		{0A9DABE0-E126-493A-A4A2-4C48F8F651EB}.Release|Any CPU.Build.0 = Release|Any CPU
		{F8AE1E2F-3ADD-4722-B75A-098DEE03CC7E}.Debug|Any CPU.ActiveCfg = Debug|Any CPU
		{F8AE1E2F-3ADD-4722-B75A-098DEE03CC7E}.Debug|Any CPU.Build.0 = Debug|Any CPU
		{F8AE1E2F-3ADD-4722-B75A-098DEE03CC7E}.Release|Any CPU.ActiveCfg = Release|Any CPU
		{F8AE1E2F-3ADD-4722-B75A-098DEE03CC7E}.Release|Any CPU.Build.0 = Release|Any CPU
		{A1D32676-5817-426F-86C8-0D288DFD9686}.Debug|Any CPU.ActiveCfg = Debug|Any CPU
		{A1D32676-5817-426F-86C8-0D288DFD9686}.Debug|Any CPU.Build.0 = Debug|Any CPU
		{A1D32676-5817-426F-86C8-0D288DFD9686}.Release|Any CPU.ActiveCfg = Release|Any CPU
		{A1D32676-5817-426F-86C8-0D288DFD9686}.Release|Any CPU.Build.0 = Release|Any CPU
		{7550FD11-D378-4AB6-87DB-9C741E7CE43E}.Debug|Any CPU.ActiveCfg = Debug|Any CPU
		{7550FD11-D378-4AB6-87DB-9C741E7CE43E}.Debug|Any CPU.Build.0 = Debug|Any CPU
		{7550FD11-D378-4AB6-87DB-9C741E7CE43E}.Release|Any CPU.ActiveCfg = Release|Any CPU
		{7550FD11-D378-4AB6-87DB-9C741E7CE43E}.Release|Any CPU.Build.0 = Release|Any CPU
	EndGlobalSection
	GlobalSection(SolutionProperties) = preSolution
		HideSolutionNode = FALSE
	EndGlobalSection
	GlobalSection(ExtensibilityGlobals) = postSolution
		SolutionGuid = {ADCDA382-2081-40DA-B953-FB296321EE77}
	EndGlobalSection
EndGlobal
