
Microsoft Visual Studio Solution File, Format Version 12.00
# Visual Studio Version 17
VisualStudioVersion = 17.10.34916.146
MinimumVisualStudioVersion = 10.0.40219.1
Project("{FAE04EC0-301F-11D3-BF4B-00C04F79EFBC}") = "Connecting database", "Connecting database\Connecting database.csproj", "{9536F4DF-7F97-4426-A11E-653909D5DF27}"
EndProject
Global
	GlobalSection(SolutionConfigurationPlatforms) = preSolution
		Debug|Any CPU = Debug|Any CPU
		Release|Any CPU = Release|Any CPU
	EndGlobalSection
	GlobalSection(ProjectConfigurationPlatforms) = postSolution
		{9536F4DF-7F97-4426-A11E-653909D5DF27}.Debug|Any CPU.ActiveCfg = Debug|Any CPU
		{9536F4DF-7F97-4426-A11E-653909D5DF27}.Debug|Any CPU.Build.0 = Debug|Any CPU
		{9536F4DF-7F97-4426-A11E-653909D5DF27}.Release|Any CPU.ActiveCfg = Release|Any CPU
		{9536F4DF-7F97-4426-A11E-653909D5DF27}.Release|Any CPU.Build.0 = Release|Any CPU
	EndGlobalSection
	GlobalSection(SolutionProperties) = preSolution
		HideSolutionNode = FALSE
	EndGlobalSection
	GlobalSection(ExtensibilityGlobals) = postSolution
		SolutionGuid = {ADCDA382-2081-40DA-B953-FB296321EE77}
	EndGlobalSection
EndGlobal
